
Microsoft Visual Studio Solution File, Format Version 12.00
# Visual Studio Version 16
VisualStudioVersion = 16.0.29306.81
MinimumVisualStudioVersion = 10.0.40219.1
Project("{FAE04EC0-301F-11D3-BF4B-00C04F79EFBC}") = "XAMLDecompiler", "XAMLDecompiler\XAMLDecompiler.csproj", "{C2966C12-A45A-49D5-98FC-124EB641E6C4}"
EndProject
Global
	GlobalSection(SolutionConfigurationPlatforms) = preSolution
		Debug|ARM = Debug|ARM
		Debug|ARM64 = Debug|ARM64
		Debug|x64 = Debug|x64
		Debug|x86 = Debug|x86
		Release|ARM = Release|ARM
		Release|ARM64 = Release|ARM64
		Release|x64 = Release|x64
		Release|x86 = Release|x86
	EndGlobalSection
	GlobalSection(ProjectConfigurationPlatforms) = postSolution
		{C2966C12-A45A-49D5-98FC-124EB641E6C4}.Debug|ARM.ActiveCfg = Debug|ARM
		{C2966C12-A45A-49D5-98FC-124EB641E6C4}.Debug|ARM.Build.0 = Debug|ARM
		{C2966C12-A45A-49D5-98FC-124EB641E6C4}.Debug|ARM.Deploy.0 = Debug|ARM
		{C2966C12-A45A-49D5-98FC-124EB641E6C4}.Debug|ARM64.ActiveCfg = Debug|ARM64
		{C2966C12-A45A-49D5-98FC-124EB641E6C4}.Debug|ARM64.Build.0 = Debug|ARM64
		{C2966C12-A45A-49D5-98FC-124EB641E6C4}.Debug|ARM64.Deploy.0 = Debug|ARM64
		{C2966C12-A45A-49D5-98FC-124EB641E6C4}.Debug|x64.ActiveCfg = Debug|x64
		{C2966C12-A45A-49D5-98FC-124EB641E6C4}.Debug|x64.Build.0 = Debug|x64
		{C2966C12-A45A-49D5-98FC-124EB641E6C4}.Debug|x64.Deploy.0 = Debug|x64
		{C2966C12-A45A-49D5-98FC-124EB641E6C4}.Debug|x86.ActiveCfg = Debug|x86
		{C2966C12-A45A-49D5-98FC-124EB641E6C4}.Debug|x86.Build.0 = Debug|x86
		{C2966C12-A45A-49D5-98FC-124EB641E6C4}.Debug|x86.Deploy.0 = Debug|x86
		{C2966C12-A45A-49D5-98FC-124EB641E6C4}.Release|ARM.ActiveCfg = Release|ARM
		{C2966C12-A45A-49D5-98FC-124EB641E6C4}.Release|ARM.Build.0 = Release|ARM
		{C2966C12-A45A-49D5-98FC-124EB641E6C4}.Release|ARM.Deploy.0 = Release|ARM
		{C2966C12-A45A-49D5-98FC-124EB641E6C4}.Release|ARM64.ActiveCfg = Release|ARM64
		{C2966C12-A45A-49D5-98FC-124EB641E6C4}.Release|ARM64.Build.0 = Release|ARM64
		{C2966C12-A45A-49D5-98FC-124EB641E6C4}.Release|ARM64.Deploy.0 = Release|ARM64
		{C2966C12-A45A-49D5-98FC-124EB641E6C4}.Release|x64.ActiveCfg = Release|x64
		{C2966C12-A45A-49D5-98FC-124EB641E6C4}.Release|x64.Build.0 = Release|x64
		{C2966C12-A45A-49D5-98FC-124EB641E6C4}.Release|x64.Deploy.0 = Release|x64
		{C2966C12-A45A-49D5-98FC-124EB641E6C4}.Release|x86.ActiveCfg = Release|x86
		{C2966C12-A45A-49D5-98FC-124EB641E6C4}.Release|x86.Build.0 = Release|x86
		{C2966C12-A45A-49D5-98FC-124EB641E6C4}.Release|x86.Deploy.0 = Release|x86
	EndGlobalSection
	GlobalSection(SolutionProperties) = preSolution
		HideSolutionNode = FALSE
	EndGlobalSection
	GlobalSection(ExtensibilityGlobals) = postSolution
		SolutionGuid = {C09DA5CF-A4E6-4EE3-A6C5-936F8CB26C63}
	EndGlobalSection
EndGlobal
